
Microsoft Visual Studio Solution File, Format Version 12.00
# Visual Studio Version 17
VisualStudioVersion = 17.0.31903.59
MinimumVisualStudioVersion = 10.0.40219.1
Project("{FAE04EC0-301F-11D3-BF4B-00C04F79EFBC}") = "ZombieSurvivor.Fantasy.Core", "ZombieSurvivor.Fantasy.Core\ZombieSurvivor.Fantasy.Core.csproj", "{ACDC1A11-5EFD-4218-9283-F83FF6A54D05}"
EndProject
Project("{FAE04EC0-301F-11D3-BF4B-00C04F79EFBC}") = "ZombieSurvivor.Fantasy.Core.Tests", "ZombieSurvivor.Fantasy.Core.Tests\ZombieSurvivor.Fantasy.Core.Tests.csproj", "{8E51C075-8735-4FD1-BC3C-F52E20BC85B9}"
EndProject
Global
	GlobalSection(SolutionConfigurationPlatforms) = preSolution
		Debug|Any CPU = Debug|Any CPU
		Release|Any CPU = Release|Any CPU
	EndGlobalSection
	GlobalSection(SolutionProperties) = preSolution
		HideSolutionNode = FALSE
	EndGlobalSection
	GlobalSection(ProjectConfigurationPlatforms) = postSolution
		{ACDC1A11-5EFD-4218-9283-F83FF6A54D05}.Debug|Any CPU.ActiveCfg = Debug|Any CPU
		{ACDC1A11-5EFD-4218-9283-F83FF6A54D05}.Debug|Any CPU.Build.0 = Debug|Any CPU
		{ACDC1A11-5EFD-4218-9283-F83FF6A54D05}.Release|Any CPU.ActiveCfg = Release|Any CPU
		{ACDC1A11-5EFD-4218-9283-F83FF6A54D05}.Release|Any CPU.Build.0 = Release|Any CPU
		{8E51C075-8735-4FD1-BC3C-F52E20BC85B9}.Debug|Any CPU.ActiveCfg = Debug|Any CPU
		{8E51C075-8735-4FD1-BC3C-F52E20BC85B9}.Debug|Any CPU.Build.0 = Debug|Any CPU
		{8E51C075-8735-4FD1-BC3C-F52E20BC85B9}.Release|Any CPU.ActiveCfg = Release|Any CPU
		{8E51C075-8735-4FD1-BC3C-F52E20BC85B9}.Release|Any CPU.Build.0 = Release|Any CPU
		{D0732AEF-017C-45B3-B87D-881AA3AECE05}.Debug|Any CPU.ActiveCfg = Debug|Any CPU
		{D0732AEF-017C-45B3-B87D-881AA3AECE05}.Debug|Any CPU.Build.0 = Debug|Any CPU
		{D0732AEF-017C-45B3-B87D-881AA3AECE05}.Release|Any CPU.ActiveCfg = Release|Any CPU
		{D0732AEF-017C-45B3-B87D-881AA3AECE05}.Release|Any CPU.Build.0 = Release|Any CPU
	EndGlobalSection
EndGlobal
